
Microsoft Visual Studio Solution File, Format Version 12.00
Project("{2150E333-8FDC-42A3-9474-1A3956D46DE8}") = "Session1", "Session1", "{82DA3D33-8BD8-452F-8D91-8A617808444D}"
EndProject
Project("{2150E333-8FDC-42A3-9474-1A3956D46DE8}") = "Session2", "Session2", "{06846EA3-9B8F-464A-8DAA-3ECB04D5EE3C}"
EndProject
Project("{FAE04EC0-301F-11D3-BF4B-00C04F79EFBC}") = "S1_EX1", "Session1\S1_EX1\S1_EX1.csproj", "{8BBA78BB-DF28-4569-8ED4-A837E0295B9E}"
EndProject
Project("{FAE04EC0-301F-11D3-BF4B-00C04F79EFBC}") = "S2_EX1", "S2_EX1\S2_EX1.csproj", "{EBFA35E9-E045-4682-8C75-2D1346B58B48}"
EndProject
Project("{FAE04EC0-301F-11D3-BF4B-00C04F79EFBC}") = "S2_EX4", "S2_EX4\S2_EX4.csproj", "{0CB710AB-A8A0-49B0-A605-6DCBBC382107}"
EndProject
Project("{2150E333-8FDC-42A3-9474-1A3956D46DE8}") = "BlazorApp-1", "BlazorApp-1", "{02487F24-743B-44A1-91C0-4D7CBF090C17}"
EndProject
Project("{FAE04EC0-301F-11D3-BF4B-00C04F79EFBC}") = "BlazorApp", "BlazorApp\BlazorApp.csproj", "{608444B2-626C-4ECE-85E3-54BE810B95FA}"
EndProject
Project("{2150E333-8FDC-42A3-9474-1A3956D46DE8}") = "SDJ-JSON", "SDJ-JSON", "{4E5F6361-B76F-4162-925C-6FC345897587}"
EndProject
Project("{FAE04EC0-301F-11D3-BF4B-00C04F79EFBC}") = "SDJ_JSON", "SDJ_JSON\SDJ_JSON.csproj", "{B5A4CBB3-B078-4A0F-B1BF-52325AE6014C}"
EndProject
Project("{FAE04EC0-301F-11D3-BF4B-00C04F79EFBC}") = "DNP1 - Assignment1", "DNP1 - Assignment1\DNP1 - Assignment1.csproj", "{B0EC8EEA-583A-4E22-8EDF-B6977E177B65}"
EndProject
Project("{2150E333-8FDC-42A3-9474-1A3956D46DE8}") = "DNP-Assignments", "DNP-Assignments", "{CCEC8C8F-5C31-4018-ADE8-CFAC2EEDDEFA}"
EndProject
Project("{FAE04EC0-301F-11D3-BF4B-00C04F79EFBC}") = "Session7 - REST", "Session7 - REST\Session7 - REST.csproj", "{CD713897-4B72-4BFE-BC3A-75891A6BCDFD}"
EndProject
Project("{2150E333-8FDC-42A3-9474-1A3956D46DE8}") = "Session7", "Session7", "{D258B324-9CB5-4BA1-A998-DDCCEE66DF8E}"
EndProject
Project("{2150E333-8FDC-42A3-9474-1A3956D46DE8}") = "Assignment2", "Assignment2", "{5F69CBD9-92B1-441F-9195-60B19E33626A}"
EndProject
Project("{FAE04EC0-301F-11D3-BF4B-00C04F79EFBC}") = "REST-Server", "REST-Server\REST-Server.csproj", "{B3758395-A2C6-46AC-8AD8-D52912D8DB35}"
EndProject
Project("{2150E333-8FDC-42A3-9474-1A3956D46DE8}") = "Assignment1", "Assignment1", "{59561F2F-853A-435D-A9E1-853C2A71290D}"
EndProject
Project("{FAE04EC0-301F-11D3-BF4B-00C04F79EFBC}") = "REST-Client", "REST-Client\REST-Client.csproj", "{59F1750B-628A-4B20-AD90-E46BCA071E25}"
EndProject
Project("{2150E333-8FDC-42A3-9474-1A3956D46DE8}") = "Session9", "Session9", "{20DACBC3-FF37-42BD-B2A2-2DE6FCBFC24C}"
EndProject
Project("{FAE04EC0-301F-11D3-BF4B-00C04F79EFBC}") = "ConsoleApp1", "ConsoleApp1\ConsoleApp1.csproj", "{E3C6FF07-599C-429E-BE72-A88AA6A0A4A6}"
EndProject
Global
	GlobalSection(SolutionConfigurationPlatforms) = preSolution
		Debug|Any CPU = Debug|Any CPU
		Release|Any CPU = Release|Any CPU
	EndGlobalSection
	GlobalSection(NestedProjects) = preSolution
		{8BBA78BB-DF28-4569-8ED4-A837E0295B9E} = {82DA3D33-8BD8-452F-8D91-8A617808444D}
		{EBFA35E9-E045-4682-8C75-2D1346B58B48} = {06846EA3-9B8F-464A-8DAA-3ECB04D5EE3C}
		{0CB710AB-A8A0-49B0-A605-6DCBBC382107} = {06846EA3-9B8F-464A-8DAA-3ECB04D5EE3C}
		{608444B2-626C-4ECE-85E3-54BE810B95FA} = {02487F24-743B-44A1-91C0-4D7CBF090C17}
		{B5A4CBB3-B078-4A0F-B1BF-52325AE6014C} = {4E5F6361-B76F-4162-925C-6FC345897587}
		{CD713897-4B72-4BFE-BC3A-75891A6BCDFD} = {D258B324-9CB5-4BA1-A998-DDCCEE66DF8E}
		{5F69CBD9-92B1-441F-9195-60B19E33626A} = {CCEC8C8F-5C31-4018-ADE8-CFAC2EEDDEFA}
		{B3758395-A2C6-46AC-8AD8-D52912D8DB35} = {5F69CBD9-92B1-441F-9195-60B19E33626A}
		{59561F2F-853A-435D-A9E1-853C2A71290D} = {CCEC8C8F-5C31-4018-ADE8-CFAC2EEDDEFA}
		{B0EC8EEA-583A-4E22-8EDF-B6977E177B65} = {59561F2F-853A-435D-A9E1-853C2A71290D}
		{59F1750B-628A-4B20-AD90-E46BCA071E25} = {5F69CBD9-92B1-441F-9195-60B19E33626A}
		{E3C6FF07-599C-429E-BE72-A88AA6A0A4A6} = {20DACBC3-FF37-42BD-B2A2-2DE6FCBFC24C}
	EndGlobalSection
	GlobalSection(ProjectConfigurationPlatforms) = postSolution
		{8BBA78BB-DF28-4569-8ED4-A837E0295B9E}.Debug|Any CPU.ActiveCfg = Debug|Any CPU
		{8BBA78BB-DF28-4569-8ED4-A837E0295B9E}.Debug|Any CPU.Build.0 = Debug|Any CPU
		{8BBA78BB-DF28-4569-8ED4-A837E0295B9E}.Release|Any CPU.ActiveCfg = Release|Any CPU
		{8BBA78BB-DF28-4569-8ED4-A837E0295B9E}.Release|Any CPU.Build.0 = Release|Any CPU
		{EBFA35E9-E045-4682-8C75-2D1346B58B48}.Debug|Any CPU.ActiveCfg = Debug|Any CPU
		{EBFA35E9-E045-4682-8C75-2D1346B58B48}.Debug|Any CPU.Build.0 = Debug|Any CPU
		{EBFA35E9-E045-4682-8C75-2D1346B58B48}.Release|Any CPU.ActiveCfg = Release|Any CPU
		{EBFA35E9-E045-4682-8C75-2D1346B58B48}.Release|Any CPU.Build.0 = Release|Any CPU
		{0CB710AB-A8A0-49B0-A605-6DCBBC382107}.Debug|Any CPU.ActiveCfg = Debug|Any CPU
		{0CB710AB-A8A0-49B0-A605-6DCBBC382107}.Debug|Any CPU.Build.0 = Debug|Any CPU
		{0CB710AB-A8A0-49B0-A605-6DCBBC382107}.Release|Any CPU.ActiveCfg = Release|Any CPU
		{0CB710AB-A8A0-49B0-A605-6DCBBC382107}.Release|Any CPU.Build.0 = Release|Any CPU
		{608444B2-626C-4ECE-85E3-54BE810B95FA}.Debug|Any CPU.ActiveCfg = Debug|Any CPU
		{608444B2-626C-4ECE-85E3-54BE810B95FA}.Debug|Any CPU.Build.0 = Debug|Any CPU
		{608444B2-626C-4ECE-85E3-54BE810B95FA}.Release|Any CPU.ActiveCfg = Release|Any CPU
		{608444B2-626C-4ECE-85E3-54BE810B95FA}.Release|Any CPU.Build.0 = Release|Any CPU
		{B5A4CBB3-B078-4A0F-B1BF-52325AE6014C}.Debug|Any CPU.ActiveCfg = Debug|Any CPU
		{B5A4CBB3-B078-4A0F-B1BF-52325AE6014C}.Debug|Any CPU.Build.0 = Debug|Any CPU
		{B5A4CBB3-B078-4A0F-B1BF-52325AE6014C}.Release|Any CPU.ActiveCfg = Release|Any CPU
		{B5A4CBB3-B078-4A0F-B1BF-52325AE6014C}.Release|Any CPU.Build.0 = Release|Any CPU
		{B0EC8EEA-583A-4E22-8EDF-B6977E177B65}.Debug|Any CPU.ActiveCfg = Debug|Any CPU
		{B0EC8EEA-583A-4E22-8EDF-B6977E177B65}.Debug|Any CPU.Build.0 = Debug|Any CPU
		{B0EC8EEA-583A-4E22-8EDF-B6977E177B65}.Release|Any CPU.ActiveCfg = Release|Any CPU
		{B0EC8EEA-583A-4E22-8EDF-B6977E177B65}.Release|Any CPU.Build.0 = Release|Any CPU
		{CD713897-4B72-4BFE-BC3A-75891A6BCDFD}.Debug|Any CPU.ActiveCfg = Debug|Any CPU
		{CD713897-4B72-4BFE-BC3A-75891A6BCDFD}.Debug|Any CPU.Build.0 = Debug|Any CPU
		{CD713897-4B72-4BFE-BC3A-75891A6BCDFD}.Release|Any CPU.ActiveCfg = Release|Any CPU
		{CD713897-4B72-4BFE-BC3A-75891A6BCDFD}.Release|Any CPU.Build.0 = Release|Any CPU
		{B3758395-A2C6-46AC-8AD8-D52912D8DB35}.Debug|Any CPU.ActiveCfg = Debug|Any CPU
		{B3758395-A2C6-46AC-8AD8-D52912D8DB35}.Debug|Any CPU.Build.0 = Debug|Any CPU
		{B3758395-A2C6-46AC-8AD8-D52912D8DB35}.Release|Any CPU.ActiveCfg = Release|Any CPU
		{B3758395-A2C6-46AC-8AD8-D52912D8DB35}.Release|Any CPU.Build.0 = Release|Any CPU
		{59F1750B-628A-4B20-AD90-E46BCA071E25}.Debug|Any CPU.ActiveCfg = Debug|Any CPU
		{59F1750B-628A-4B20-AD90-E46BCA071E25}.Debug|Any CPU.Build.0 = Debug|Any CPU
		{59F1750B-628A-4B20-AD90-E46BCA071E25}.Release|Any CPU.ActiveCfg = Release|Any CPU
		{59F1750B-628A-4B20-AD90-E46BCA071E25}.Release|Any CPU.Build.0 = Release|Any CPU
		{E3C6FF07-599C-429E-BE72-A88AA6A0A4A6}.Debug|Any CPU.ActiveCfg = Debug|Any CPU
		{E3C6FF07-599C-429E-BE72-A88AA6A0A4A6}.Debug|Any CPU.Build.0 = Debug|Any CPU
		{E3C6FF07-599C-429E-BE72-A88AA6A0A4A6}.Release|Any CPU.ActiveCfg = Release|Any CPU
		{E3C6FF07-599C-429E-BE72-A88AA6A0A4A6}.Release|Any CPU.Build.0 = Release|Any CPU
	EndGlobalSection
EndGlobal
