
Microsoft Visual Studio Solution File, Format Version 12.00
Project("{2150E333-8FDC-42A3-9474-1A3956D46DE8}") = "Session1", "Session1", "{82DA3D33-8BD8-452F-8D91-8A617808444D}"
EndProject
Project("{2150E333-8FDC-42A3-9474-1A3956D46DE8}") = "Session2", "Session2", "{06846EA3-9B8F-464A-8DAA-3ECB04D5EE3C}"
EndProject
Project("{FAE04EC0-301F-11D3-BF4B-00C04F79EFBC}") = "S1_EX1", "Session1\S1_EX1\S1_EX1.csproj", "{8BBA78BB-DF28-4569-8ED4-A837E0295B9E}"
EndProject
Project("{FAE04EC0-301F-11D3-BF4B-00C04F79EFBC}") = "S2_EX1", "S2_EX1\S2_EX1.csproj", "{EBFA35E9-E045-4682-8C75-2D1346B58B48}"
EndProject
Project("{FAE04EC0-301F-11D3-BF4B-00C04F79EFBC}") = "S2_EX4", "S2_EX4\S2_EX4.csproj", "{0CB710AB-A8A0-49B0-A605-6DCBBC382107}"
EndProject
Global
	GlobalSection(SolutionConfigurationPlatforms) = preSolution
		Debug|Any CPU = Debug|Any CPU
		Release|Any CPU = Release|Any CPU
	EndGlobalSection
	GlobalSection(NestedProjects) = preSolution
		{8BBA78BB-DF28-4569-8ED4-A837E0295B9E} = {82DA3D33-8BD8-452F-8D91-8A617808444D}
		{EBFA35E9-E045-4682-8C75-2D1346B58B48} = {06846EA3-9B8F-464A-8DAA-3ECB04D5EE3C}
		{0CB710AB-A8A0-49B0-A605-6DCBBC382107} = {06846EA3-9B8F-464A-8DAA-3ECB04D5EE3C}
	EndGlobalSection
	GlobalSection(ProjectConfigurationPlatforms) = postSolution
		{8BBA78BB-DF28-4569-8ED4-A837E0295B9E}.Debug|Any CPU.ActiveCfg = Debug|Any CPU
		{8BBA78BB-DF28-4569-8ED4-A837E0295B9E}.Debug|Any CPU.Build.0 = Debug|Any CPU
		{8BBA78BB-DF28-4569-8ED4-A837E0295B9E}.Release|Any CPU.ActiveCfg = Release|Any CPU
		{8BBA78BB-DF28-4569-8ED4-A837E0295B9E}.Release|Any CPU.Build.0 = Release|Any CPU
		{EBFA35E9-E045-4682-8C75-2D1346B58B48}.Debug|Any CPU.ActiveCfg = Debug|Any CPU
		{EBFA35E9-E045-4682-8C75-2D1346B58B48}.Debug|Any CPU.Build.0 = Debug|Any CPU
		{EBFA35E9-E045-4682-8C75-2D1346B58B48}.Release|Any CPU.ActiveCfg = Release|Any CPU
		{EBFA35E9-E045-4682-8C75-2D1346B58B48}.Release|Any CPU.Build.0 = Release|Any CPU
		{0CB710AB-A8A0-49B0-A605-6DCBBC382107}.Debug|Any CPU.ActiveCfg = Debug|Any CPU
		{0CB710AB-A8A0-49B0-A605-6DCBBC382107}.Debug|Any CPU.Build.0 = Debug|Any CPU
		{0CB710AB-A8A0-49B0-A605-6DCBBC382107}.Release|Any CPU.ActiveCfg = Release|Any CPU
		{0CB710AB-A8A0-49B0-A605-6DCBBC382107}.Release|Any CPU.Build.0 = Release|Any CPU
	EndGlobalSection
EndGlobal
